
Microsoft Visual Studio Solution File, Format Version 12.00
# Visual Studio Version 16
VisualStudioVersion = 16.0.30223.230
MinimumVisualStudioVersion = 10.0.40219.1
Project("{FAE04EC0-301F-11D3-BF4B-00C04F79EFBC}") = "Mvc", "src\Mvc\Mvc.csproj", "{ABD24A92-3AC9-4944-8868-E24DA126FDEC}"
EndProject
Project("{FAE04EC0-301F-11D3-BF4B-00C04F79EFBC}") = "WebApi", "src\WebApi\WebApi.csproj", "{2501333A-4346-43DD-B5BA-7FE870F71BD5}"
EndProject
Global
	GlobalSection(SolutionConfigurationPlatforms) = preSolution
		Debug|Any CPU = Debug|Any CPU
		Release|Any CPU = Release|Any CPU
	EndGlobalSection
	GlobalSection(ProjectConfigurationPlatforms) = postSolution
		{ABD24A92-3AC9-4944-8868-E24DA126FDEC}.Debug|Any CPU.ActiveCfg = Debug|Any CPU
		{ABD24A92-3AC9-4944-8868-E24DA126FDEC}.Debug|Any CPU.Build.0 = Debug|Any CPU
		{ABD24A92-3AC9-4944-8868-E24DA126FDEC}.Release|Any CPU.ActiveCfg = Release|Any CPU
		{ABD24A92-3AC9-4944-8868-E24DA126FDEC}.Release|Any CPU.Build.0 = Release|Any CPU
		{2501333A-4346-43DD-B5BA-7FE870F71BD5}.Debug|Any CPU.ActiveCfg = Debug|Any CPU
		{2501333A-4346-43DD-B5BA-7FE870F71BD5}.Debug|Any CPU.Build.0 = Debug|Any CPU
		{2501333A-4346-43DD-B5BA-7FE870F71BD5}.Release|Any CPU.ActiveCfg = Release|Any CPU
		{2501333A-4346-43DD-B5BA-7FE870F71BD5}.Release|Any CPU.Build.0 = Release|Any CPU
	EndGlobalSection
	GlobalSection(SolutionProperties) = preSolution
		HideSolutionNode = FALSE
	EndGlobalSection
	GlobalSection(ExtensibilityGlobals) = postSolution
		SolutionGuid = {08C72F74-C88E-4DF0-A268-10631DD6D1E0}
	EndGlobalSection
EndGlobal
